<?xml version="1.0" encoding="utf-8"?>
<Project ToolsVersion="4.0" xmlns="http://schemas.microsoft.com/developer/msbuild/2003">
  <ItemGroup>
    <Filter Include="Source Files">
      <UniqueIdentifier>{4FC737F1-C7A5-4376-A066-2A32D752A2FF}</UniqueIdentifier>
      <Extensions>cpp;c;cc;cxx;def;odl;idl;hpj;bat;asm;asmx</Extensions>
    </Filter>
    <Filter Include="Header Files">
      <UniqueIdentifier>{93995380-89BD-4b04-88EB-625FBE52EBFB}</UniqueIdentifier>
      <Extensions>h;hh;hpp;hxx;hm;inl;inc;xsd</Extensions>
    </Filter>
    <Filter Include="Resource Files">
      <UniqueIdentifier>{67DA6AB6-F800-4c08-8B7A-83BB121AAD01}</UniqueIdentifier>
      <Extensions>rc;ico;cur;bmp;dlg;rc2;rct;bin;rgs;gif;jpg;jpeg;jpe;resx;tiff;tif;png;wav;mfcribbon-ms</Extensions>
    </Filter>
    <Filter Include="Source Files\IO">
      <UniqueIdentifier>{8af4e9b7-7ccb-48d3-95ec-8aa6237adac6}</UniqueIdentifier>
    </Filter>
    <Filter Include="Source Files\Mesh">
      <UniqueIdentifier>{c4cd1c49-8025-4b9d-9fb5-b636cd62d1bc}</UniqueIdentifier>
    </Filter>
    <Filter Include="Source Files\Utils">
      <UniqueIdentifier>{ac22e39f-55fc-4a9b-811e-5664e36ed402}</UniqueIdentifier>
    </Filter>
    <Filter Include="Source Files\Primitive">
      <UniqueIdentifier>{8d6c4d86-b2b2-4a68-a6f4-8962a35a674c}</UniqueIdentifier>
    </Filter>
  </ItemGroup>
  <ItemGroup>
    <ClInclude Include="src\GeometryMath.h">
      <Filter>Source Files</Filter>
    </ClInclude>
    <ClInclude Include="src\stdfx.h">
      <Filter>Source Files</Filter>
    </ClInclude>
    <ClInclude Include="src\Timer.h">
      <Filter>Source Files</Filter>
    </ClInclude>
    <ClInclude Include="src\Camera.h">
      <Filter>Source Files</Filter>
    </ClInclude>
    <ClInclude Include="src\Mesh\Model.h">
      <Filter>Source Files\Mesh</Filter>
    </ClInclude>
    <ClInclude Include="src\Mesh\OM_Mesh.h">
      <Filter>Source Files\Mesh</Filter>
    </ClInclude>
    <ClInclude Include="src\Mesh\Texture.h">
      <Filter>Source Files\Mesh</Filter>
    </ClInclude>
    <ClInclude Include="src\Mesh\Material.h">
      <Filter>Source Files\Mesh</Filter>
    </ClInclude>
    <ClInclude Include="src\Mesh\Mesh.h">
      <Filter>Source Files\Mesh</Filter>
    </ClInclude>
    <ClInclude Include="src\IO\MeshConverter.h">
      <Filter>Source Files\IO</Filter>
    </ClInclude>
    <ClInclude Include="src\IO\MeshExporter.h">
      <Filter>Source Files\IO</Filter>
    </ClInclude>
    <ClInclude Include="src\IO\MeshLoader.h">
      <Filter>Source Files\IO</Filter>
    </ClInclude>
    <ClInclude Include="src\Primitive\Point.h">
      <Filter>Source Files\Primitive</Filter>
    </ClInclude>
    <ClInclude Include="src\Primitive\Triangle.h">
      <Filter>Source Files\Primitive</Filter>
    </ClInclude>
    <ClInclude Include="src\Primitive\Line.h">
      <Filter>Source Files\Primitive</Filter>
    </ClInclude>
    <ClInclude Include="src\Utils\CoordinateConvertor.h">
      <Filter>Source Files\Utils</Filter>
    </ClInclude>
    <ClInclude Include="src\Utils\LNormUtil.h">
      <Filter>Source Files\Utils</Filter>
    </ClInclude>
    <ClInclude Include="src\Primitive\Vertex.h">
      <Filter>Source Files\Primitive</Filter>
    </ClInclude>
    <ClInclude Include="src\Random.h">
      <Filter>Source Files</Filter>
    </ClInclude>
  </ItemGroup>
  <ItemGroup>
    <ClCompile Include="src\Timer.cpp">
      <Filter>Source Files</Filter>
    </ClCompile>
    <ClCompile Include="src\Camera.cpp">
      <Filter>Source Files</Filter>
    </ClCompile>
    <ClCompile Include="src\Mesh\Model.cpp">
      <Filter>Source Files\Mesh</Filter>
    </ClCompile>
    <ClCompile Include="src\Mesh\OM_Mesh.cpp">
      <Filter>Source Files\Mesh</Filter>
    </ClCompile>
    <ClCompile Include="src\Mesh\Texture.cpp">
      <Filter>Source Files\Mesh</Filter>
    </ClCompile>
    <ClCompile Include="src\Mesh\Material.cpp">
      <Filter>Source Files\Mesh</Filter>
    </ClCompile>
    <ClCompile Include="src\Mesh\Mesh.cpp">
      <Filter>Source Files\Mesh</Filter>
    </ClCompile>
    <ClCompile Include="src\IO\MeshConverter.cpp">
      <Filter>Source Files\IO</Filter>
    </ClCompile>
    <ClCompile Include="src\IO\MeshExporter.cpp">
      <Filter>Source Files\IO</Filter>
    </ClCompile>
    <ClCompile Include="src\IO\MeshLoader.cpp">
      <Filter>Source Files\IO</Filter>
    </ClCompile>
    <ClCompile Include="src\Primitive\Triangle.cpp">
      <Filter>Source Files\Primitive</Filter>
    </ClCompile>
    <ClCompile Include="src\Utils\LNormUtil.cpp">
      <Filter>Source Files\Utils</Filter>
    </ClCompile>
    <ClCompile Include="src\Primitive\Vertex.cpp">
      <Filter>Source Files\Primitive</Filter>
    </ClCompile>
    <ClCompile Include="src\Random.cpp">
      <Filter>Source Files</Filter>
    </ClCompile>
  </ItemGroup>
</Project>